
Microsoft Visual Studio Solution File, Format Version 12.00
# Visual Studio Version 17
VisualStudioVersion = 17.7.34024.191
MinimumVisualStudioVersion = 10.0.40219.1
Project("{FAE04EC0-301F-11D3-BF4B-00C04F79EFBC}") = "exemplo_database", "exemplo_database\exemplo_database.csproj", "{9AD9EB8A-9B9B-4C82-8487-E1C35FCF1865}"
EndProject
Global
	GlobalSection(SolutionConfigurationPlatforms) = preSolution
		Debug|Any CPU = Debug|Any CPU
		Release|Any CPU = Release|Any CPU
	EndGlobalSection
	GlobalSection(ProjectConfigurationPlatforms) = postSolution
		{9AD9EB8A-9B9B-4C82-8487-E1C35FCF1865}.Debug|Any CPU.ActiveCfg = Debug|Any CPU
		{9AD9EB8A-9B9B-4C82-8487-E1C35FCF1865}.Debug|Any CPU.Build.0 = Debug|Any CPU
		{9AD9EB8A-9B9B-4C82-8487-E1C35FCF1865}.Release|Any CPU.ActiveCfg = Release|Any CPU
		{9AD9EB8A-9B9B-4C82-8487-E1C35FCF1865}.Release|Any CPU.Build.0 = Release|Any CPU
	EndGlobalSection
	GlobalSection(SolutionProperties) = preSolution
		HideSolutionNode = FALSE
	EndGlobalSection
	GlobalSection(ExtensibilityGlobals) = postSolution
		SolutionGuid = {4C447FA5-7362-40C2-A237-425CF58F9620}
	EndGlobalSection
EndGlobal
